// !$*UTF8*$!
{
	archiveVersion = 1;
	classes = {
	};
	objectVersion = 50;
	objects = {

/* Begin PBXBuildFile section */
		948F755B21B333E3001181C2 /* placeholderCollectionViewCell.swift in Sources */ = {isa = PBXBuildFile; fileRef = 948F755A21B333E3001181C2 /* placeholderCollectionViewCell.swift */; };
		948F755D21B34E62001181C2 /* ImageScrollViewController.swift in Sources */ = {isa = PBXBuildFile; fileRef = 948F755C21B34E61001181C2 /* ImageScrollViewController.swift */; };
		948F755F21B4859D001181C2 /* ImageScrollView.swift in Sources */ = {isa = PBXBuildFile; fileRef = 948F755E21B4859D001181C2 /* ImageScrollView.swift */; };
		948F756121B4A650001181C2 /* customImageView.swift in Sources */ = {isa = PBXBuildFile; fileRef = 948F756021B4A650001181C2 /* customImageView.swift */; };
		94E45FF4219BBAD600D51FF7 /* AppDelegate.swift in Sources */ = {isa = PBXBuildFile; fileRef = 94E45FF3219BBAD600D51FF7 /* AppDelegate.swift */; };
		94E45FF9219BBAD600D51FF7 /* Main.storyboard in Resources */ = {isa = PBXBuildFile; fileRef = 94E45FF7219BBAD600D51FF7 /* Main.storyboard */; };
		94E45FFB219BBADB00D51FF7 /* Assets.xcassets in Resources */ = {isa = PBXBuildFile; fileRef = 94E45FFA219BBADB00D51FF7 /* Assets.xcassets */; };
		94E45FFE219BBADB00D51FF7 /* LaunchScreen.storyboard in Resources */ = {isa = PBXBuildFile; fileRef = 94E45FFC219BBADB00D51FF7 /* LaunchScreen.storyboard */; };
		94E46006219BC5F500D51FF7 /* ImageGalleryViewController.swift in Sources */ = {isa = PBXBuildFile; fileRef = 94E46005219BC5F500D51FF7 /* ImageGalleryViewController.swift */; };
		94E46008219BC79600D51FF7 /* imageGaleryCollectionViewCell.swift in Sources */ = {isa = PBXBuildFile; fileRef = 94E46007219BC79600D51FF7 /* imageGaleryCollectionViewCell.swift */; };
		94E4600A219BE93600D51FF7 /* Utilties.swift in Sources */ = {isa = PBXBuildFile; fileRef = 94E46009219BE93500D51FF7 /* Utilties.swift */; };
/* End PBXBuildFile section */

/* Begin PBXFileReference section */
		948F755A21B333E3001181C2 /* placeholderCollectionViewCell.swift */ = {isa = PBXFileReference; lastKnownFileType = sourcecode.swift; path = placeholderCollectionViewCell.swift; sourceTree = "<group>"; };
		948F755C21B34E61001181C2 /* ImageScrollViewController.swift */ = {isa = PBXFileReference; lastKnownFileType = sourcecode.swift; path = ImageScrollViewController.swift; sourceTree = "<group>"; };
		948F755E21B4859D001181C2 /* ImageScrollView.swift */ = {isa = PBXFileReference; lastKnownFileType = sourcecode.swift; path = ImageScrollView.swift; sourceTree = "<group>"; };
		948F756021B4A650001181C2 /* customImageView.swift */ = {isa = PBXFileReference; lastKnownFileType = sourcecode.swift; path = customImageView.swift; sourceTree = "<group>"; };
		94E45FF0219BBAD600D51FF7 /* imageGallery.app */ = {isa = PBXFileReference; explicitFileType = wrapper.application; includeInIndex = 0; path = imageGallery.app; sourceTree = BUILT_PRODUCTS_DIR; };
		94E45FF3219BBAD600D51FF7 /* AppDelegate.swift */ = {isa = PBXFileReference; lastKnownFileType = sourcecode.swift; path = AppDelegate.swift; sourceTree = "<group>"; };
		94E45FF8219BBAD600D51FF7 /* Base */ = {isa = PBXFileReference; lastKnownFileType = file.storyboard; name = Base; path = Base.lproj/Main.storyboard; sourceTree = "<group>"; };
		94E45FFA219BBADB00D51FF7 /* Assets.xcassets */ = {isa = PBXFileReference; lastKnownFileType = folder.assetcatalog; path = Assets.xcassets; sourceTree = "<group>"; };
		94E45FFD219BBADB00D51FF7 /* Base */ = {isa = PBXFileReference; lastKnownFileType = file.storyboard; name = Base; path = Base.lproj/LaunchScreen.storyboard; sourceTree = "<group>"; };
		94E45FFF219BBADB00D51FF7 /* Info.plist */ = {isa = PBXFileReference; lastKnownFileType = text.plist.xml; path = Info.plist; sourceTree = "<group>"; };
		94E46005219BC5F500D51FF7 /* ImageGalleryViewController.swift */ = {isa = PBXFileReference; lastKnownFileType = sourcecode.swift; path = ImageGalleryViewController.swift; sourceTree = "<group>"; };
		94E46007219BC79600D51FF7 /* imageGaleryCollectionViewCell.swift */ = {isa = PBXFileReference; lastKnownFileType = sourcecode.swift; path = imageGaleryCollectionViewCell.swift; sourceTree = "<group>"; };
		94E46009219BE93500D51FF7 /* Utilties.swift */ = {isa = PBXFileReference; fileEncoding = 4; lastKnownFileType = sourcecode.swift; path = Utilties.swift; sourceTree = "<group>"; };
/* End PBXFileReference section */

/* Begin PBXFrameworksBuildPhase section */
		94E45FED219BBAD600D51FF7 /* Frameworks */ = {
			isa = PBXFrameworksBuildPhase;
			buildActionMask = 2147483647;
			files = (
			);
			runOnlyForDeploymentPostprocessing = 0;
		};
/* End PBXFrameworksBuildPhase section */

/* Begin PBXGroup section */
		94E45FE7219BBAD500D51FF7 = {
			isa = PBXGroup;
			children = (
				94E45FF2219BBAD600D51FF7 /* imageGallery */,
				94E45FF1219BBAD600D51FF7 /* Products */,
			);
			sourceTree = "<group>";
		};
		94E45FF1219BBAD600D51FF7 /* Products */ = {
			isa = PBXGroup;
			children = (
				94E45FF0219BBAD600D51FF7 /* imageGallery.app */,
			);
			name = Products;
			sourceTree = "<group>";
		};
		94E45FF2219BBAD600D51FF7 /* imageGallery */ = {
			isa = PBXGroup;
			children = (
				948F756021B4A650001181C2 /* customImageView.swift */,
				94E45FF3219BBAD600D51FF7 /* AppDelegate.swift */,
				94E45FF7219BBAD600D51FF7 /* Main.storyboard */,
				948F755E21B4859D001181C2 /* ImageScrollView.swift */,
				94E46009219BE93500D51FF7 /* Utilties.swift */,
				94E46005219BC5F500D51FF7 /* ImageGalleryViewController.swift */,
				94E46007219BC79600D51FF7 /* imageGaleryCollectionViewCell.swift */,
				948F755A21B333E3001181C2 /* placeholderCollectionViewCell.swift */,
				948F755C21B34E61001181C2 /* ImageScrollViewController.swift */,
				94E45FFA219BBADB00D51FF7 /* Assets.xcassets */,
				94E45FFC219BBADB00D51FF7 /* LaunchScreen.storyboard */,
				94E45FFF219BBADB00D51FF7 /* Info.plist */,
			);
			path = imageGallery;
			sourceTree = "<group>";
		};
/* End PBXGroup section */

/* Begin PBXNativeTarget section */
		94E45FEF219BBAD600D51FF7 /* imageGallery */ = {
			isa = PBXNativeTarget;
			buildConfigurationList = 94E46002219BBADB00D51FF7 /* Build configuration list for PBXNativeTarget "imageGallery" */;
			buildPhases = (
				94E45FEC219BBAD600D51FF7 /* Sources */,
				94E45FED219BBAD600D51FF7 /* Frameworks */,
				94E45FEE219BBAD600D51FF7 /* Resources */,
			);
			buildRules = (
			);
			dependencies = (
			);
			name = imageGallery;
			productName = imageGallery;
			productReference = 94E45FF0219BBAD600D51FF7 /* imageGallery.app */;
			productType = "com.apple.product-type.application";
		};
/* End PBXNativeTarget section */

/* Begin PBXProject section */
		94E45FE8219BBAD500D51FF7 /* Project object */ = {
			isa = PBXProject;
			attributes = {
				LastSwiftUpdateCheck = 0940;
				LastUpgradeCheck = 0940;
				ORGANIZATIONNAME = greenred;
				TargetAttributes = {
					94E45FEF219BBAD600D51FF7 = {
						CreatedOnToolsVersion = 9.4.1;
					};
				};
			};
			buildConfigurationList = 94E45FEB219BBAD500D51FF7 /* Build configuration list for PBXProject "imageGallery" */;
			compatibilityVersion = "Xcode 9.3";
			developmentRegion = en;
			hasScannedForEncodings = 0;
			knownRegions = (
				en,
				Base,
			);
			mainGroup = 94E45FE7219BBAD500D51FF7;
			productRefGroup = 94E45FF1219BBAD600D51FF7 /* Products */;
			projectDirPath = "";
			projectRoot = "";
			targets = (
				94E45FEF219BBAD600D51FF7 /* imageGallery */,
			);
		};
/* End PBXProject section */

/* Begin PBXResourcesBuildPhase section */
		94E45FEE219BBAD600D51FF7 /* Resources */ = {
			isa = PBXResourcesBuildPhase;
			buildActionMask = 2147483647;
			files = (
				94E45FFE219BBADB00D51FF7 /* LaunchScreen.storyboard in Resources */,
				94E45FFB219BBADB00D51FF7 /* Assets.xcassets in Resources */,
				94E45FF9219BBAD600D51FF7 /* Main.storyboard in Resources */,
			);
			runOnlyForDeploymentPostprocessing = 0;
		};
/* End PBXResourcesBuildPhase section */

/* Begin PBXSourcesBuildPhase section */
		94E45FEC219BBAD600D51FF7 /* Sources */ = {
			isa = PBXSourcesBuildPhase;
			buildActionMask = 2147483647;
			files = (
				948F755B21B333E3001181C2 /* placeholderCollectionViewCell.swift in Sources */,
				948F756121B4A650001181C2 /* customImageView.swift in Sources */,
				94E4600A219BE93600D51FF7 /* Utilties.swift in Sources */,
				94E46008219BC79600D51FF7 /* imageGaleryCollectionViewCell.swift in Sources */,
				94E46006219BC5F500D51FF7 /* ImageGalleryViewController.swift in Sources */,
				948F755F21B4859D001181C2 /* ImageScrollView.swift in Sources */,
				948F755D21B34E62001181C2 /* ImageScrollViewController.swift in Sources */,
				94E45FF4219BBAD600D51FF7 /* AppDelegate.swift in Sources */,
			);
			runOnlyForDeploymentPostprocessing = 0;
		};
/* End PBXSourcesBuildPhase section */

/* Begin PBXVariantGroup section */
		94E45FF7219BBAD600D51FF7 /* Main.storyboard */ = {
			isa = PBXVariantGroup;
			children = (
				94E45FF8219BBAD600D51FF7 /* Base */,
			);
			name = Main.storyboard;
			sourceTree = "<group>";
		};
		94E45FFC219BBADB00D51FF7 /* LaunchScreen.storyboard */ = {
			isa = PBXVariantGroup;
			children = (
				94E45FFD219BBADB00D51FF7 /* Base */,
			);
			name = LaunchScreen.storyboard;
			sourceTree = "<group>";
		};
/* End PBXVariantGroup section */

/* Begin XCBuildConfiguration section */
		94E46000219BBADB00D51FF7 /* Debug */ = {
			isa = XCBuildConfiguration;
			buildSettings = {
				ALWAYS_SEARCH_USER_PATHS = NO;
				CLANG_ANALYZER_NONNULL = YES;
				CLANG_ANALYZER_NUMBER_OBJECT_CONVERSION = YES_AGGRESSIVE;
				CLANG_CXX_LANGUAGE_STANDARD = "gnu++14";
				CLANG_CXX_LIBRARY = "libc++";
				CLANG_ENABLE_MODULES = YES;
				CLANG_ENABLE_OBJC_ARC = YES;
				CLANG_ENABLE_OBJC_WEAK = YES;
				CLANG_WARN_BLOCK_CAPTURE_AUTORELEASING = YES;
				CLANG_WARN_BOOL_CONVERSION = YES;
				CLANG_WARN_COMMA = YES;
				CLANG_WARN_CONSTANT_CONVERSION = YES;
				CLANG_WARN_DEPRECATED_OBJC_IMPLEMENTATIONS = YES;
				CLANG_WARN_DIRECT_OBJC_ISA_USAGE = YES_ERROR;
				CLANG_WARN_DOCUMENTATION_COMMENTS = YES;
				CLANG_WARN_EMPTY_BODY = YES;
				CLANG_WARN_ENUM_CONVERSION = YES;
				CLANG_WARN_INFINITE_RECURSION = YES;
				CLANG_WARN_INT_CONVERSION = YES;
				CLANG_WARN_NON_LITERAL_NULL_CONVERSION = YES;
				CLANG_WARN_OBJC_IMPLICIT_RETAIN_SELF = YES;
				CLANG_WARN_OBJC_LITERAL_CONVERSION = YES;
				CLANG_WARN_OBJC_ROOT_CLASS = YES_ERROR;
				CLANG_WARN_RANGE_LOOP_ANALYSIS = YES;
				CLANG_WARN_STRICT_PROTOTYPES = YES;
				CLANG_WARN_SUSPICIOUS_MOVE = YES;
				CLANG_WARN_UNGUARDED_AVAILABILITY = YES_AGGRESSIVE;
				CLANG_WARN_UNREACHABLE_CODE = YES;
				CLANG_WARN__DUPLICATE_METHOD_MATCH = YES;
				CODE_SIGN_IDENTITY = "iPhone Developer";
				COPY_PHASE_STRIP = NO;
				DEBUG_INFORMATION_FORMAT = dwarf;
				ENABLE_STRICT_OBJC_MSGSEND = YES;
				ENABLE_TESTABILITY = YES;
				GCC_C_LANGUAGE_STANDARD = gnu11;
				GCC_DYNAMIC_NO_PIC = NO;
				GCC_NO_COMMON_BLOCKS = YES;
				GCC_OPTIMIZATION_LEVEL = 0;
				GCC_PREPROCESSOR_DEFINITIONS = (
					"DEBUG=1",
					"$(inherited)",
				);
				GCC_WARN_64_TO_32_BIT_CONVERSION = YES;
				GCC_WARN_ABOUT_RETURN_TYPE = YES_ERROR;
				GCC_WARN_UNDECLARED_SELECTOR = YES;
				GCC_WARN_UNINITIALIZED_AUTOS = YES_AGGRESSIVE;
				GCC_WARN_UNUSED_FUNCTION = YES;
				GCC_WARN_UNUSED_VARIABLE = YES;
				IPHONEOS_DEPLOYMENT_TARGET = 11.4;
				MTL_ENABLE_DEBUG_INFO = YES;
				ONLY_ACTIVE_ARCH = YES;
				SDKROOT = iphoneos;
				SWIFT_ACTIVE_COMPILATION_CONDITIONS = DEBUG;
				SWIFT_OPTIMIZATION_LEVEL = "-Onone";
			};
			name = Debug;
		};
		94E46001219BBADB00D51FF7 /* Release */ = {
			isa = XCBuildConfiguration;
			buildSettings = {
				ALWAYS_SEARCH_USER_PATHS = NO;
				CLANG_ANALYZER_NONNULL = YES;
				CLANG_ANALYZER_NUMBER_OBJECT_CONVERSION = YES_AGGRESSIVE;
				CLANG_CXX_LANGUAGE_STANDARD = "gnu++14";
				CLANG_CXX_LIBRARY = "libc++";
				CLANG_ENABLE_MODULES = YES;
				CLANG_ENABLE_OBJC_ARC = YES;
				CLANG_ENABLE_OBJC_WEAK = YES;
				CLANG_WARN_BLOCK_CAPTURE_AUTORELEASING = YES;
				CLANG_WARN_BOOL_CONVERSION = YES;
				CLANG_WARN_COMMA = YES;
				CLANG_WARN_CONSTANT_CONVERSION = YES;
				CLANG_WARN_DEPRECATED_OBJC_IMPLEMENTATIONS = YES;
				CLANG_WARN_DIRECT_OBJC_ISA_USAGE = YES_ERROR;
				CLANG_WARN_DOCUMENTATION_COMMENTS = YES;
				CLANG_WARN_EMPTY_BODY = YES;
				CLANG_WARN_ENUM_CONVERSION = YES;
				CLANG_WARN_INFINITE_RECURSION = YES;
				CLANG_WARN_INT_CONVERSION = YES;
				CLANG_WARN_NON_LITERAL_NULL_CONVERSION = YES;
				CLANG_WARN_OBJC_IMPLICIT_RETAIN_SELF = YES;
				CLANG_WARN_OBJC_LITERAL_CONVERSION = YES;
				CLANG_WARN_OBJC_ROOT_CLASS = YES_ERROR;
				CLANG_WARN_RANGE_LOOP_ANALYSIS = YES;
				CLANG_WARN_STRICT_PROTOTYPES = YES;
				CLANG_WARN_SUSPICIOUS_MOVE = YES;
				CLANG_WARN_UNGUARDED_AVAILABILITY = YES_AGGRESSIVE;
				CLANG_WARN_UNREACHABLE_CODE = YES;
				CLANG_WARN__DUPLICATE_METHOD_MATCH = YES;
				CODE_SIGN_IDENTITY = "iPhone Developer";
				COPY_PHASE_STRIP = NO;
				DEBUG_INFORMATION_FORMAT = "dwarf-with-dsym";
				ENABLE_NS_ASSERTIONS = NO;
				ENABLE_STRICT_OBJC_MSGSEND = YES;
				GCC_C_LANGUAGE_STANDARD = gnu11;
				GCC_NO_COMMON_BLOCKS = YES;
				GCC_WARN_64_TO_32_BIT_CONVERSION = YES;
				GCC_WARN_ABOUT_RETURN_TYPE = YES_ERROR;
				GCC_WARN_UNDECLARED_SELECTOR = YES;
				GCC_WARN_UNINITIALIZED_AUTOS = YES_AGGRESSIVE;
				GCC_WARN_UNUSED_FUNCTION = YES;
				GCC_WARN_UNUSED_VARIABLE = YES;
				IPHONEOS_DEPLOYMENT_TARGET = 11.4;
				MTL_ENABLE_DEBUG_INFO = NO;
				SDKROOT = iphoneos;
				SWIFT_COMPILATION_MODE = wholemodule;
				SWIFT_OPTIMIZATION_LEVEL = "-O";
				VALIDATE_PRODUCT = YES;
			};
			name = Release;
		};
		94E46003219BBADB00D51FF7 /* Debug */ = {
			isa = XCBuildConfiguration;
			buildSettings = {
				ASSETCATALOG_COMPILER_APPICON_NAME = AppIcon;
				CODE_SIGN_STYLE = Automatic;
				DEVELOPMENT_TEAM = AG7899H7SM;
				INFOPLIST_FILE = imageGallery/Info.plist;
				LD_RUNPATH_SEARCH_PATHS = (
					"$(inherited)",
					"@executable_path/Frameworks",
				);
				PRODUCT_BUNDLE_IDENTIFIER = ios.ryan.imageGallery;
				PRODUCT_NAME = "$(TARGET_NAME)";
				SWIFT_VERSION = 4.0;
				TARGETED_DEVICE_FAMILY = 2;
			};
			name = Debug;
		};
		94E46004219BBADB00D51FF7 /* Release */ = {
			isa = XCBuildConfiguration;
			buildSettings = {
				ASSETCATALOG_COMPILER_APPICON_NAME = AppIcon;
				CODE_SIGN_STYLE = Automatic;
				DEVELOPMENT_TEAM = AG7899H7SM;
				INFOPLIST_FILE = imageGallery/Info.plist;
				LD_RUNPATH_SEARCH_PATHS = (
					"$(inherited)",
					"@executable_path/Frameworks",
				);
				PRODUCT_BUNDLE_IDENTIFIER = ios.ryan.imageGallery;
				PRODUCT_NAME = "$(TARGET_NAME)";
				SWIFT_VERSION = 4.0;
				TARGETED_DEVICE_FAMILY = 2;
			};
			name = Release;
		};
/* End XCBuildConfiguration section */

/* Begin XCConfigurationList section */
		94E45FEB219BBAD500D51FF7 /* Build configuration list for PBXProject "imageGallery" */ = {
			isa = XCConfigurationList;
			buildConfigurations = (
				94E46000219BBADB00D51FF7 /* Debug */,
				94E46001219BBADB00D51FF7 /* Release */,
			);
			defaultConfigurationIsVisible = 0;
			defaultConfigurationName = Release;
		};
		94E46002219BBADB00D51FF7 /* Build configuration list for PBXNativeTarget "imageGallery" */ = {
			isa = XCConfigurationList;
			buildConfigurations = (
				94E46003219BBADB00D51FF7 /* Debug */,
				94E46004219BBADB00D51FF7 /* Release */,
			);
			defaultConfigurationIsVisible = 0;
			defaultConfigurationName = Release;
		};
/* End XCConfigurationList section */
	};
	rootObject = 94E45FE8219BBAD500D51FF7 /* Project object */;
}
