// !$*UTF8*$!
{
	archiveVersion = 1;
	classes = {
	};
	objectVersion = 50;
	objects = {

/* Begin PBXBuildFile section */
		940E28A02130DEB7001587A0 /* PlayingCardView.swift in Sources */ = {isa = PBXBuildFile; fileRef = 940E289F2130DEB7001587A0 /* PlayingCardView.swift */; };
		942EBDC6212D45AD0081BD2C /* AppDelegate.swift in Sources */ = {isa = PBXBuildFile; fileRef = 942EBDC5212D45AD0081BD2C /* AppDelegate.swift */; };
		942EBDC8212D45AD0081BD2C /* ViewController.swift in Sources */ = {isa = PBXBuildFile; fileRef = 942EBDC7212D45AD0081BD2C /* ViewController.swift */; };
		942EBDCB212D45AD0081BD2C /* Main.storyboard in Resources */ = {isa = PBXBuildFile; fileRef = 942EBDC9212D45AD0081BD2C /* Main.storyboard */; };
		942EBDD0212D45B40081BD2C /* LaunchScreen.storyboard in Resources */ = {isa = PBXBuildFile; fileRef = 942EBDCE212D45B40081BD2C /* LaunchScreen.storyboard */; };
		942EBDD9212D45F20081BD2C /* PlayingCard.swift in Sources */ = {isa = PBXBuildFile; fileRef = 942EBDD8212D45F20081BD2C /* PlayingCard.swift */; };
		942EBDDB212D48870081BD2C /* PlayingCardDeck.swift in Sources */ = {isa = PBXBuildFile; fileRef = 942EBDDA212D48870081BD2C /* PlayingCardDeck.swift */; };
		9440BC932156FDBC00064884 /* CardBehavior.swift in Sources */ = {isa = PBXBuildFile; fileRef = 9440BC922156FDBC00064884 /* CardBehavior.swift */; };
		94F3D8602148B04300C345A0 /* Assets.xcassets in Resources */ = {isa = PBXBuildFile; fileRef = 942EBDCC212D45B40081BD2C /* Assets.xcassets */; };
/* End PBXBuildFile section */

/* Begin PBXFileReference section */
		940E289F2130DEB7001587A0 /* PlayingCardView.swift */ = {isa = PBXFileReference; lastKnownFileType = sourcecode.swift; path = PlayingCardView.swift; sourceTree = "<group>"; };
		942EBDC2212D45AD0081BD2C /* PlayingCard.app */ = {isa = PBXFileReference; explicitFileType = wrapper.application; includeInIndex = 0; path = PlayingCard.app; sourceTree = BUILT_PRODUCTS_DIR; };
		942EBDC5212D45AD0081BD2C /* AppDelegate.swift */ = {isa = PBXFileReference; lastKnownFileType = sourcecode.swift; path = AppDelegate.swift; sourceTree = "<group>"; };
		942EBDC7212D45AD0081BD2C /* ViewController.swift */ = {isa = PBXFileReference; lastKnownFileType = sourcecode.swift; path = ViewController.swift; sourceTree = "<group>"; };
		942EBDCA212D45AD0081BD2C /* Base */ = {isa = PBXFileReference; lastKnownFileType = file.storyboard; name = Base; path = Base.lproj/Main.storyboard; sourceTree = "<group>"; };
		942EBDCC212D45B40081BD2C /* Assets.xcassets */ = {isa = PBXFileReference; lastKnownFileType = folder.assetcatalog; path = Assets.xcassets; sourceTree = "<group>"; };
		942EBDCF212D45B40081BD2C /* Base */ = {isa = PBXFileReference; lastKnownFileType = file.storyboard; name = Base; path = Base.lproj/LaunchScreen.storyboard; sourceTree = "<group>"; };
		942EBDD1212D45B40081BD2C /* Info.plist */ = {isa = PBXFileReference; lastKnownFileType = text.plist.xml; path = Info.plist; sourceTree = "<group>"; };
		942EBDD8212D45F20081BD2C /* PlayingCard.swift */ = {isa = PBXFileReference; lastKnownFileType = sourcecode.swift; path = PlayingCard.swift; sourceTree = "<group>"; };
		942EBDDA212D48870081BD2C /* PlayingCardDeck.swift */ = {isa = PBXFileReference; lastKnownFileType = sourcecode.swift; path = PlayingCardDeck.swift; sourceTree = "<group>"; };
		9440BC922156FDBC00064884 /* CardBehavior.swift */ = {isa = PBXFileReference; lastKnownFileType = sourcecode.swift; path = CardBehavior.swift; sourceTree = "<group>"; };
/* End PBXFileReference section */

/* Begin PBXFrameworksBuildPhase section */
		942EBDBF212D45AD0081BD2C /* Frameworks */ = {
			isa = PBXFrameworksBuildPhase;
			buildActionMask = 2147483647;
			files = (
			);
			runOnlyForDeploymentPostprocessing = 0;
		};
/* End PBXFrameworksBuildPhase section */

/* Begin PBXGroup section */
		942EBDB9212D45AD0081BD2C = {
			isa = PBXGroup;
			children = (
				942EBDC4212D45AD0081BD2C /* PlayingCard */,
				942EBDC3212D45AD0081BD2C /* Products */,
			);
			sourceTree = "<group>";
		};
		942EBDC3212D45AD0081BD2C /* Products */ = {
			isa = PBXGroup;
			children = (
				942EBDC2212D45AD0081BD2C /* PlayingCard.app */,
			);
			name = Products;
			sourceTree = "<group>";
		};
		942EBDC4212D45AD0081BD2C /* PlayingCard */ = {
			isa = PBXGroup;
			children = (
				9440BC922156FDBC00064884 /* CardBehavior.swift */,
				942EBDD8212D45F20081BD2C /* PlayingCard.swift */,
				940E289F2130DEB7001587A0 /* PlayingCardView.swift */,
				942EBDDA212D48870081BD2C /* PlayingCardDeck.swift */,
				942EBDD7212D45CA0081BD2C /* Supporting Files */,
				942EBDC7212D45AD0081BD2C /* ViewController.swift */,
				942EBDC9212D45AD0081BD2C /* Main.storyboard */,
				942EBDCC212D45B40081BD2C /* Assets.xcassets */,
				942EBDD1212D45B40081BD2C /* Info.plist */,
			);
			path = PlayingCard;
			sourceTree = "<group>";
		};
		942EBDD7212D45CA0081BD2C /* Supporting Files */ = {
			isa = PBXGroup;
			children = (
				942EBDC5212D45AD0081BD2C /* AppDelegate.swift */,
				942EBDCE212D45B40081BD2C /* LaunchScreen.storyboard */,
			);
			path = "Supporting Files";
			sourceTree = "<group>";
		};
/* End PBXGroup section */

/* Begin PBXNativeTarget section */
		942EBDC1212D45AD0081BD2C /* PlayingCard */ = {
			isa = PBXNativeTarget;
			buildConfigurationList = 942EBDD4212D45B40081BD2C /* Build configuration list for PBXNativeTarget "PlayingCard" */;
			buildPhases = (
				942EBDBE212D45AD0081BD2C /* Sources */,
				942EBDBF212D45AD0081BD2C /* Frameworks */,
				942EBDC0212D45AD0081BD2C /* Resources */,
			);
			buildRules = (
			);
			dependencies = (
			);
			name = PlayingCard;
			productName = PlayingCard;
			productReference = 942EBDC2212D45AD0081BD2C /* PlayingCard.app */;
			productType = "com.apple.product-type.application";
		};
/* End PBXNativeTarget section */

/* Begin PBXProject section */
		942EBDBA212D45AD0081BD2C /* Project object */ = {
			isa = PBXProject;
			attributes = {
				LastSwiftUpdateCheck = 0930;
				LastUpgradeCheck = 0930;
				ORGANIZATIONNAME = greenred;
				TargetAttributes = {
					942EBDC1212D45AD0081BD2C = {
						CreatedOnToolsVersion = 9.3;
					};
				};
			};
			buildConfigurationList = 942EBDBD212D45AD0081BD2C /* Build configuration list for PBXProject "PlayingCard" */;
			compatibilityVersion = "Xcode 9.3";
			developmentRegion = en;
			hasScannedForEncodings = 0;
			knownRegions = (
				en,
				Base,
			);
			mainGroup = 942EBDB9212D45AD0081BD2C;
			productRefGroup = 942EBDC3212D45AD0081BD2C /* Products */;
			projectDirPath = "";
			projectRoot = "";
			targets = (
				942EBDC1212D45AD0081BD2C /* PlayingCard */,
			);
		};
/* End PBXProject section */

/* Begin PBXResourcesBuildPhase section */
		942EBDC0212D45AD0081BD2C /* Resources */ = {
			isa = PBXResourcesBuildPhase;
			buildActionMask = 2147483647;
			files = (
				942EBDD0212D45B40081BD2C /* LaunchScreen.storyboard in Resources */,
				94F3D8602148B04300C345A0 /* Assets.xcassets in Resources */,
				942EBDCB212D45AD0081BD2C /* Main.storyboard in Resources */,
			);
			runOnlyForDeploymentPostprocessing = 0;
		};
/* End PBXResourcesBuildPhase section */

/* Begin PBXSourcesBuildPhase section */
		942EBDBE212D45AD0081BD2C /* Sources */ = {
			isa = PBXSourcesBuildPhase;
			buildActionMask = 2147483647;
			files = (
				942EBDC8212D45AD0081BD2C /* ViewController.swift in Sources */,
				942EBDDB212D48870081BD2C /* PlayingCardDeck.swift in Sources */,
				942EBDD9212D45F20081BD2C /* PlayingCard.swift in Sources */,
				940E28A02130DEB7001587A0 /* PlayingCardView.swift in Sources */,
				942EBDC6212D45AD0081BD2C /* AppDelegate.swift in Sources */,
				9440BC932156FDBC00064884 /* CardBehavior.swift in Sources */,
			);
			runOnlyForDeploymentPostprocessing = 0;
		};
/* End PBXSourcesBuildPhase section */

/* Begin PBXVariantGroup section */
		942EBDC9212D45AD0081BD2C /* Main.storyboard */ = {
			isa = PBXVariantGroup;
			children = (
				942EBDCA212D45AD0081BD2C /* Base */,
			);
			name = Main.storyboard;
			sourceTree = "<group>";
		};
		942EBDCE212D45B40081BD2C /* LaunchScreen.storyboard */ = {
			isa = PBXVariantGroup;
			children = (
				942EBDCF212D45B40081BD2C /* Base */,
			);
			name = LaunchScreen.storyboard;
			sourceTree = "<group>";
		};
/* End PBXVariantGroup section */

/* Begin XCBuildConfiguration section */
		942EBDD2212D45B40081BD2C /* Debug */ = {
			isa = XCBuildConfiguration;
			buildSettings = {
				ALWAYS_SEARCH_USER_PATHS = NO;
				CLANG_ANALYZER_NONNULL = YES;
				CLANG_ANALYZER_NUMBER_OBJECT_CONVERSION = YES_AGGRESSIVE;
				CLANG_CXX_LANGUAGE_STANDARD = "gnu++14";
				CLANG_CXX_LIBRARY = "libc++";
				CLANG_ENABLE_MODULES = YES;
				CLANG_ENABLE_OBJC_ARC = YES;
				CLANG_ENABLE_OBJC_WEAK = YES;
				CLANG_WARN_BLOCK_CAPTURE_AUTORELEASING = YES;
				CLANG_WARN_BOOL_CONVERSION = YES;
				CLANG_WARN_COMMA = YES;
				CLANG_WARN_CONSTANT_CONVERSION = YES;
				CLANG_WARN_DEPRECATED_OBJC_IMPLEMENTATIONS = YES;
				CLANG_WARN_DIRECT_OBJC_ISA_USAGE = YES_ERROR;
				CLANG_WARN_DOCUMENTATION_COMMENTS = YES;
				CLANG_WARN_EMPTY_BODY = YES;
				CLANG_WARN_ENUM_CONVERSION = YES;
				CLANG_WARN_INFINITE_RECURSION = YES;
				CLANG_WARN_INT_CONVERSION = YES;
				CLANG_WARN_NON_LITERAL_NULL_CONVERSION = YES;
				CLANG_WARN_OBJC_IMPLICIT_RETAIN_SELF = YES;
				CLANG_WARN_OBJC_LITERAL_CONVERSION = YES;
				CLANG_WARN_OBJC_ROOT_CLASS = YES_ERROR;
				CLANG_WARN_RANGE_LOOP_ANALYSIS = YES;
				CLANG_WARN_STRICT_PROTOTYPES = YES;
				CLANG_WARN_SUSPICIOUS_MOVE = YES;
				CLANG_WARN_UNGUARDED_AVAILABILITY = YES_AGGRESSIVE;
				CLANG_WARN_UNREACHABLE_CODE = YES;
				CLANG_WARN__DUPLICATE_METHOD_MATCH = YES;
				CODE_SIGN_IDENTITY = "iPhone Developer";
				COPY_PHASE_STRIP = NO;
				DEBUG_INFORMATION_FORMAT = dwarf;
				ENABLE_STRICT_OBJC_MSGSEND = YES;
				ENABLE_TESTABILITY = YES;
				GCC_C_LANGUAGE_STANDARD = gnu11;
				GCC_DYNAMIC_NO_PIC = NO;
				GCC_NO_COMMON_BLOCKS = YES;
				GCC_OPTIMIZATION_LEVEL = 0;
				GCC_PREPROCESSOR_DEFINITIONS = (
					"DEBUG=1",
					"$(inherited)",
				);
				GCC_WARN_64_TO_32_BIT_CONVERSION = YES;
				GCC_WARN_ABOUT_RETURN_TYPE = YES_ERROR;
				GCC_WARN_UNDECLARED_SELECTOR = YES;
				GCC_WARN_UNINITIALIZED_AUTOS = YES_AGGRESSIVE;
				GCC_WARN_UNUSED_FUNCTION = YES;
				GCC_WARN_UNUSED_VARIABLE = YES;
				IPHONEOS_DEPLOYMENT_TARGET = 11.3;
				MTL_ENABLE_DEBUG_INFO = YES;
				ONLY_ACTIVE_ARCH = YES;
				SDKROOT = iphoneos;
				SWIFT_ACTIVE_COMPILATION_CONDITIONS = DEBUG;
				SWIFT_OPTIMIZATION_LEVEL = "-Onone";
			};
			name = Debug;
		};
		942EBDD3212D45B40081BD2C /* Release */ = {
			isa = XCBuildConfiguration;
			buildSettings = {
				ALWAYS_SEARCH_USER_PATHS = NO;
				CLANG_ANALYZER_NONNULL = YES;
				CLANG_ANALYZER_NUMBER_OBJECT_CONVERSION = YES_AGGRESSIVE;
				CLANG_CXX_LANGUAGE_STANDARD = "gnu++14";
				CLANG_CXX_LIBRARY = "libc++";
				CLANG_ENABLE_MODULES = YES;
				CLANG_ENABLE_OBJC_ARC = YES;
				CLANG_ENABLE_OBJC_WEAK = YES;
				CLANG_WARN_BLOCK_CAPTURE_AUTORELEASING = YES;
				CLANG_WARN_BOOL_CONVERSION = YES;
				CLANG_WARN_COMMA = YES;
				CLANG_WARN_CONSTANT_CONVERSION = YES;
				CLANG_WARN_DEPRECATED_OBJC_IMPLEMENTATIONS = YES;
				CLANG_WARN_DIRECT_OBJC_ISA_USAGE = YES_ERROR;
				CLANG_WARN_DOCUMENTATION_COMMENTS = YES;
				CLANG_WARN_EMPTY_BODY = YES;
				CLANG_WARN_ENUM_CONVERSION = YES;
				CLANG_WARN_INFINITE_RECURSION = YES;
				CLANG_WARN_INT_CONVERSION = YES;
				CLANG_WARN_NON_LITERAL_NULL_CONVERSION = YES;
				CLANG_WARN_OBJC_IMPLICIT_RETAIN_SELF = YES;
				CLANG_WARN_OBJC_LITERAL_CONVERSION = YES;
				CLANG_WARN_OBJC_ROOT_CLASS = YES_ERROR;
				CLANG_WARN_RANGE_LOOP_ANALYSIS = YES;
				CLANG_WARN_STRICT_PROTOTYPES = YES;
				CLANG_WARN_SUSPICIOUS_MOVE = YES;
				CLANG_WARN_UNGUARDED_AVAILABILITY = YES_AGGRESSIVE;
				CLANG_WARN_UNREACHABLE_CODE = YES;
				CLANG_WARN__DUPLICATE_METHOD_MATCH = YES;
				CODE_SIGN_IDENTITY = "iPhone Developer";
				COPY_PHASE_STRIP = NO;
				DEBUG_INFORMATION_FORMAT = "dwarf-with-dsym";
				ENABLE_NS_ASSERTIONS = NO;
				ENABLE_STRICT_OBJC_MSGSEND = YES;
				GCC_C_LANGUAGE_STANDARD = gnu11;
				GCC_NO_COMMON_BLOCKS = YES;
				GCC_WARN_64_TO_32_BIT_CONVERSION = YES;
				GCC_WARN_ABOUT_RETURN_TYPE = YES_ERROR;
				GCC_WARN_UNDECLARED_SELECTOR = YES;
				GCC_WARN_UNINITIALIZED_AUTOS = YES_AGGRESSIVE;
				GCC_WARN_UNUSED_FUNCTION = YES;
				GCC_WARN_UNUSED_VARIABLE = YES;
				IPHONEOS_DEPLOYMENT_TARGET = 11.3;
				MTL_ENABLE_DEBUG_INFO = NO;
				SDKROOT = iphoneos;
				SWIFT_COMPILATION_MODE = wholemodule;
				SWIFT_OPTIMIZATION_LEVEL = "-O";
				VALIDATE_PRODUCT = YES;
			};
			name = Release;
		};
		942EBDD5212D45B40081BD2C /* Debug */ = {
			isa = XCBuildConfiguration;
			buildSettings = {
				ASSETCATALOG_COMPILER_APPICON_NAME = AppIcon;
				CODE_SIGN_STYLE = Automatic;
				DEVELOPMENT_TEAM = AG7899H7SM;
				INFOPLIST_FILE = PlayingCard/Info.plist;
				LD_RUNPATH_SEARCH_PATHS = (
					"$(inherited)",
					"@executable_path/Frameworks",
				);
				PRODUCT_BUNDLE_IDENTIFIER = ios.ryan.PlayingCard;
				PRODUCT_NAME = "$(TARGET_NAME)";
				SWIFT_VERSION = 4.0;
				TARGETED_DEVICE_FAMILY = "1,2";
			};
			name = Debug;
		};
		942EBDD6212D45B40081BD2C /* Release */ = {
			isa = XCBuildConfiguration;
			buildSettings = {
				ASSETCATALOG_COMPILER_APPICON_NAME = AppIcon;
				CODE_SIGN_STYLE = Automatic;
				DEVELOPMENT_TEAM = AG7899H7SM;
				INFOPLIST_FILE = PlayingCard/Info.plist;
				LD_RUNPATH_SEARCH_PATHS = (
					"$(inherited)",
					"@executable_path/Frameworks",
				);
				PRODUCT_BUNDLE_IDENTIFIER = ios.ryan.PlayingCard;
				PRODUCT_NAME = "$(TARGET_NAME)";
				SWIFT_VERSION = 4.0;
				TARGETED_DEVICE_FAMILY = "1,2";
			};
			name = Release;
		};
/* End XCBuildConfiguration section */

/* Begin XCConfigurationList section */
		942EBDBD212D45AD0081BD2C /* Build configuration list for PBXProject "PlayingCard" */ = {
			isa = XCConfigurationList;
			buildConfigurations = (
				942EBDD2212D45B40081BD2C /* Debug */,
				942EBDD3212D45B40081BD2C /* Release */,
			);
			defaultConfigurationIsVisible = 0;
			defaultConfigurationName = Release;
		};
		942EBDD4212D45B40081BD2C /* Build configuration list for PBXNativeTarget "PlayingCard" */ = {
			isa = XCConfigurationList;
			buildConfigurations = (
				942EBDD5212D45B40081BD2C /* Debug */,
				942EBDD6212D45B40081BD2C /* Release */,
			);
			defaultConfigurationIsVisible = 0;
			defaultConfigurationName = Release;
		};
/* End XCConfigurationList section */
	};
	rootObject = 942EBDBA212D45AD0081BD2C /* Project object */;
}
